
Microsoft Visual Studio Solution File, Format Version 12.00
# Visual Studio Version 16
VisualStudioVersion = 16.0.28729.10
MinimumVisualStudioVersion = 10.0.40219.1
Project("{8BC9CEB8-8B4A-11D0-8D11-00A0C91BC942}") = "数组的排序", "数组的排序\数组的排序.vcxproj", "{B8D9961C-0A91-4BE9-91EC-4A247028D715}"
EndProject
Global
	GlobalSection(SolutionConfigurationPlatforms) = preSolution
		Debug|x64 = Debug|x64
		Debug|x86 = Debug|x86
		Release|x64 = Release|x64
		Release|x86 = Release|x86
	EndGlobalSection
	GlobalSection(ProjectConfigurationPlatforms) = postSolution
		{B8D9961C-0A91-4BE9-91EC-4A247028D715}.Debug|x64.ActiveCfg = Debug|x64
		{B8D9961C-0A91-4BE9-91EC-4A247028D715}.Debug|x64.Build.0 = Debug|x64
		{B8D9961C-0A91-4BE9-91EC-4A247028D715}.Debug|x86.ActiveCfg = Debug|Win32
		{B8D9961C-0A91-4BE9-91EC-4A247028D715}.Debug|x86.Build.0 = Debug|Win32
		{B8D9961C-0A91-4BE9-91EC-4A247028D715}.Release|x64.ActiveCfg = Release|x64
		{B8D9961C-0A91-4BE9-91EC-4A247028D715}.Release|x64.Build.0 = Release|x64
		{B8D9961C-0A91-4BE9-91EC-4A247028D715}.Release|x86.ActiveCfg = Release|Win32
		{B8D9961C-0A91-4BE9-91EC-4A247028D715}.Release|x86.Build.0 = Release|Win32
	EndGlobalSection
	GlobalSection(SolutionProperties) = preSolution
		HideSolutionNode = FALSE
	EndGlobalSection
	GlobalSection(ExtensibilityGlobals) = postSolution
		SolutionGuid = {B03DFD99-1F35-430A-8F48-8BA7B6559A4E}
	EndGlobalSection
EndGlobal
