
Microsoft Visual Studio Solution File, Format Version 12.00
# Visual Studio Version 16
VisualStudioVersion = 16.0.28729.10
MinimumVisualStudioVersion = 10.0.40219.1
Project("{8BC9CEB8-8B4A-11D0-8D11-00A0C91BC942}") = "电梯程序", "电梯程序\电梯程序.vcxproj", "{131D6FD0-A1B7-4212-88CD-953C27403067}"
EndProject
Global
	GlobalSection(SolutionConfigurationPlatforms) = preSolution
		Debug|x64 = Debug|x64
		Debug|x86 = Debug|x86
		Release|x64 = Release|x64
		Release|x86 = Release|x86
	EndGlobalSection
	GlobalSection(ProjectConfigurationPlatforms) = postSolution
		{131D6FD0-A1B7-4212-88CD-953C27403067}.Debug|x64.ActiveCfg = Debug|x64
		{131D6FD0-A1B7-4212-88CD-953C27403067}.Debug|x64.Build.0 = Debug|x64
		{131D6FD0-A1B7-4212-88CD-953C27403067}.Debug|x86.ActiveCfg = Debug|Win32
		{131D6FD0-A1B7-4212-88CD-953C27403067}.Debug|x86.Build.0 = Debug|Win32
		{131D6FD0-A1B7-4212-88CD-953C27403067}.Release|x64.ActiveCfg = Release|x64
		{131D6FD0-A1B7-4212-88CD-953C27403067}.Release|x64.Build.0 = Release|x64
		{131D6FD0-A1B7-4212-88CD-953C27403067}.Release|x86.ActiveCfg = Release|Win32
		{131D6FD0-A1B7-4212-88CD-953C27403067}.Release|x86.Build.0 = Release|Win32
	EndGlobalSection
	GlobalSection(SolutionProperties) = preSolution
		HideSolutionNode = FALSE
	EndGlobalSection
	GlobalSection(ExtensibilityGlobals) = postSolution
		SolutionGuid = {9909D01D-BB66-4C77-A9AE-BE427AD61877}
	EndGlobalSection
EndGlobal
